
Microsoft Visual Studio Solution File, Format Version 12.00
# Visual Studio 15
VisualStudioVersion = 15.0.27130.2027
MinimumVisualStudioVersion = 10.0.40219.1
Project("{FAE04EC0-301F-11D3-BF4B-00C04F79EFBC}") = "TwoFactorAuth.Domain", "TwoFactorAuth.Domain\TwoFactorAuth.Domain.csproj", "{4C104BC7-C18D-4E2F-9B87-6C60D1145524}"
EndProject
Project("{FAE04EC0-301F-11D3-BF4B-00C04F79EFBC}") = "TwoFactorAuth.Domain.Tests", "TwoFactorAuth.Domain.Tests\TwoFactorAuth.Domain.Tests.csproj", "{62285E7B-2D29-4353-ABD2-0BD434F2C243}"
EndProject
Project("{FAE04EC0-301F-11D3-BF4B-00C04F79EFBC}") = "TwoFactorAuth.Domain.Interfaces", "TwoFactorAuth.Domain.Interfaces\TwoFactorAuth.Domain.Interfaces.csproj", "{64E11333-905A-4A94-A03A-2A12CB31EB4B}"
EndProject
Global
	GlobalSection(SolutionConfigurationPlatforms) = preSolution
		Debug|Any CPU = Debug|Any CPU
		Release|Any CPU = Release|Any CPU
	EndGlobalSection
	GlobalSection(ProjectConfigurationPlatforms) = postSolution
		{4C104BC7-C18D-4E2F-9B87-6C60D1145524}.Debug|Any CPU.ActiveCfg = Debug|Any CPU
		{4C104BC7-C18D-4E2F-9B87-6C60D1145524}.Debug|Any CPU.Build.0 = Debug|Any CPU
		{4C104BC7-C18D-4E2F-9B87-6C60D1145524}.Release|Any CPU.ActiveCfg = Release|Any CPU
		{4C104BC7-C18D-4E2F-9B87-6C60D1145524}.Release|Any CPU.Build.0 = Release|Any CPU
		{62285E7B-2D29-4353-ABD2-0BD434F2C243}.Debug|Any CPU.ActiveCfg = Debug|Any CPU
		{62285E7B-2D29-4353-ABD2-0BD434F2C243}.Debug|Any CPU.Build.0 = Debug|Any CPU
		{62285E7B-2D29-4353-ABD2-0BD434F2C243}.Release|Any CPU.ActiveCfg = Release|Any CPU
		{62285E7B-2D29-4353-ABD2-0BD434F2C243}.Release|Any CPU.Build.0 = Release|Any CPU
		{64E11333-905A-4A94-A03A-2A12CB31EB4B}.Debug|Any CPU.ActiveCfg = Debug|Any CPU
		{64E11333-905A-4A94-A03A-2A12CB31EB4B}.Debug|Any CPU.Build.0 = Debug|Any CPU
		{64E11333-905A-4A94-A03A-2A12CB31EB4B}.Release|Any CPU.ActiveCfg = Release|Any CPU
		{64E11333-905A-4A94-A03A-2A12CB31EB4B}.Release|Any CPU.Build.0 = Release|Any CPU
	EndGlobalSection
	GlobalSection(SolutionProperties) = preSolution
		HideSolutionNode = FALSE
	EndGlobalSection
	GlobalSection(ExtensibilityGlobals) = postSolution
		SolutionGuid = {F77267E7-44D0-4869-82FE-DDBA00B5A69D}
	EndGlobalSection
EndGlobal
