
Microsoft Visual Studio Solution File, Format Version 12.00
# Visual Studio Version 16
VisualStudioVersion = 16.0.30907.101
MinimumVisualStudioVersion = 10.0.40219.1
Project("{9A19103F-16F7-4668-BE54-9A1E7A4F7556}") = "TwoFactorAuth.Domain.SpecFlowTests", "TwoFactorAuth.Domain.SpecFlowTests\TwoFactorAuth.Domain.SpecFlowTests.csproj", "{226E3431-9934-401A-B90C-78C96BC9A9E2}"
EndProject
Project("{FAE04EC0-301F-11D3-BF4B-00C04F79EFBC}") = "TwoFactorAuth.Domain", "TwoFactorAuth.Domain\TwoFactorAuth.Domain.csproj", "{4C104BC7-C18D-4E2F-9B87-6C60D1145524}"
EndProject
Project("{9A19103F-16F7-4668-BE54-9A1E7A4F7556}") = "TwoFactorAuth.Domain.Interfaces", "TwoFactorAuth.Domain.Interfaces\TwoFactorAuth.Domain.Interfaces.csproj", "{5887C232-66CF-4B22-8C93-786AE7639720}"
EndProject
Project("{FAE04EC0-301F-11D3-BF4B-00C04F79EFBC}") = "TwoFactorAuthHost", "TwoFactorAuthHost\TwoFactorAuthHost.csproj", "{CC826D95-2C5E-439F-A619-D9A3F1E1256F}"
EndProject
Global
	GlobalSection(SolutionConfigurationPlatforms) = preSolution
		Debug|Any CPU = Debug|Any CPU
		Release|Any CPU = Release|Any CPU
	EndGlobalSection
	GlobalSection(ProjectConfigurationPlatforms) = postSolution
		{226E3431-9934-401A-B90C-78C96BC9A9E2}.Debug|Any CPU.ActiveCfg = Debug|Any CPU
		{226E3431-9934-401A-B90C-78C96BC9A9E2}.Debug|Any CPU.Build.0 = Debug|Any CPU
		{226E3431-9934-401A-B90C-78C96BC9A9E2}.Release|Any CPU.ActiveCfg = Release|Any CPU
		{226E3431-9934-401A-B90C-78C96BC9A9E2}.Release|Any CPU.Build.0 = Release|Any CPU
		{4C104BC7-C18D-4E2F-9B87-6C60D1145524}.Debug|Any CPU.ActiveCfg = Debug|Any CPU
		{4C104BC7-C18D-4E2F-9B87-6C60D1145524}.Debug|Any CPU.Build.0 = Debug|Any CPU
		{4C104BC7-C18D-4E2F-9B87-6C60D1145524}.Release|Any CPU.ActiveCfg = Release|Any CPU
		{4C104BC7-C18D-4E2F-9B87-6C60D1145524}.Release|Any CPU.Build.0 = Release|Any CPU
		{5887C232-66CF-4B22-8C93-786AE7639720}.Debug|Any CPU.ActiveCfg = Debug|Any CPU
		{5887C232-66CF-4B22-8C93-786AE7639720}.Debug|Any CPU.Build.0 = Debug|Any CPU
		{5887C232-66CF-4B22-8C93-786AE7639720}.Release|Any CPU.ActiveCfg = Release|Any CPU
		{5887C232-66CF-4B22-8C93-786AE7639720}.Release|Any CPU.Build.0 = Release|Any CPU
		{CC826D95-2C5E-439F-A619-D9A3F1E1256F}.Debug|Any CPU.ActiveCfg = Debug|Any CPU
		{CC826D95-2C5E-439F-A619-D9A3F1E1256F}.Debug|Any CPU.Build.0 = Debug|Any CPU
		{CC826D95-2C5E-439F-A619-D9A3F1E1256F}.Release|Any CPU.ActiveCfg = Release|Any CPU
		{CC826D95-2C5E-439F-A619-D9A3F1E1256F}.Release|Any CPU.Build.0 = Release|Any CPU
	EndGlobalSection
	GlobalSection(SolutionProperties) = preSolution
		HideSolutionNode = FALSE
	EndGlobalSection
	GlobalSection(ExtensibilityGlobals) = postSolution
		SolutionGuid = {F77267E7-44D0-4869-82FE-DDBA00B5A69D}
	EndGlobalSection
EndGlobal
