
Microsoft Visual Studio Solution File, Format Version 12.00
# Visual Studio Version 16
VisualStudioVersion = 16.0.30907.101
MinimumVisualStudioVersion = 10.0.40219.1
Project("{FAE04EC0-301F-11D3-BF4B-00C04F79EFBC}") = "TwoFactorAuth.Domain", "TwoFactorAuth.Domain\TwoFactorAuth.Domain.csproj", "{4C104BC7-C18D-4E2F-9B87-6C60D1145524}"
EndProject
Project("{FAE04EC0-301F-11D3-BF4B-00C04F79EFBC}") = "TwoFactorAuth.Domain.Tests", "TwoFactorAuth.Domain.Tests\TwoFactorAuth.Domain.Tests.csproj", "{62285E7B-2D29-4353-ABD2-0BD434F2C243}"
EndProject
Project("{9A19103F-16F7-4668-BE54-9A1E7A4F7556}") = "TwoFactorAuth.Domain.Interfaces", "TwoFactorAuth.Domain.Interfaces\TwoFactorAuth.Domain.Interfaces.csproj", "{64E11333-905A-4A94-A03A-2A12CB31EB4B}"
EndProject
Project("{FAE04EC0-301F-11D3-BF4B-00C04F79EFBC}") = "TwoFactorAuth.Domain.SpecFlowTests", "TwoFactorAuth.Domain.SpecFlowTests\TwoFactorAuth.Domain.SpecFlowTests.csproj", "{226E3431-9934-401A-B90C-78C96BC9A9E2}"
EndProject
Project("{FAE04EC0-301F-11D3-BF4B-00C04F79EFBC}") = "TwoFactorAuth.Domain.Core", "TwoFactorAuth.Domain.Core\TwoFactorAuth.Domain.Core.csproj", "{82326D17-CDA0-4A14-A5F9-63628C081961}"
EndProject
Project("{FAE04EC0-301F-11D3-BF4B-00C04F79EFBC}") = "TwoFactorAuth.Domain.Core.Interfaces", "TwoFactorAuth.Domain.Core.Interfaces\TwoFactorAuth.Domain.Core.Interfaces.csproj", "{5887C232-66CF-4B22-8C93-786AE7639720}"
EndProject
Global
	GlobalSection(SolutionConfigurationPlatforms) = preSolution
		Debug|Any CPU = Debug|Any CPU
		Release|Any CPU = Release|Any CPU
	EndGlobalSection
	GlobalSection(ProjectConfigurationPlatforms) = postSolution
		{4C104BC7-C18D-4E2F-9B87-6C60D1145524}.Debug|Any CPU.ActiveCfg = Debug|Any CPU
		{4C104BC7-C18D-4E2F-9B87-6C60D1145524}.Debug|Any CPU.Build.0 = Debug|Any CPU
		{4C104BC7-C18D-4E2F-9B87-6C60D1145524}.Release|Any CPU.ActiveCfg = Release|Any CPU
		{4C104BC7-C18D-4E2F-9B87-6C60D1145524}.Release|Any CPU.Build.0 = Release|Any CPU
		{62285E7B-2D29-4353-ABD2-0BD434F2C243}.Debug|Any CPU.ActiveCfg = Debug|Any CPU
		{62285E7B-2D29-4353-ABD2-0BD434F2C243}.Debug|Any CPU.Build.0 = Debug|Any CPU
		{62285E7B-2D29-4353-ABD2-0BD434F2C243}.Release|Any CPU.ActiveCfg = Release|Any CPU
		{62285E7B-2D29-4353-ABD2-0BD434F2C243}.Release|Any CPU.Build.0 = Release|Any CPU
		{64E11333-905A-4A94-A03A-2A12CB31EB4B}.Debug|Any CPU.ActiveCfg = Debug|Any CPU
		{64E11333-905A-4A94-A03A-2A12CB31EB4B}.Debug|Any CPU.Build.0 = Debug|Any CPU
		{64E11333-905A-4A94-A03A-2A12CB31EB4B}.Release|Any CPU.ActiveCfg = Release|Any CPU
		{64E11333-905A-4A94-A03A-2A12CB31EB4B}.Release|Any CPU.Build.0 = Release|Any CPU
		{226E3431-9934-401A-B90C-78C96BC9A9E2}.Debug|Any CPU.ActiveCfg = Debug|Any CPU
		{226E3431-9934-401A-B90C-78C96BC9A9E2}.Debug|Any CPU.Build.0 = Debug|Any CPU
		{226E3431-9934-401A-B90C-78C96BC9A9E2}.Release|Any CPU.ActiveCfg = Release|Any CPU
		{226E3431-9934-401A-B90C-78C96BC9A9E2}.Release|Any CPU.Build.0 = Release|Any CPU
		{82326D17-CDA0-4A14-A5F9-63628C081961}.Debug|Any CPU.ActiveCfg = Debug|Any CPU
		{82326D17-CDA0-4A14-A5F9-63628C081961}.Debug|Any CPU.Build.0 = Debug|Any CPU
		{82326D17-CDA0-4A14-A5F9-63628C081961}.Release|Any CPU.ActiveCfg = Release|Any CPU
		{82326D17-CDA0-4A14-A5F9-63628C081961}.Release|Any CPU.Build.0 = Release|Any CPU
		{5887C232-66CF-4B22-8C93-786AE7639720}.Debug|Any CPU.ActiveCfg = Debug|Any CPU
		{5887C232-66CF-4B22-8C93-786AE7639720}.Debug|Any CPU.Build.0 = Debug|Any CPU
		{5887C232-66CF-4B22-8C93-786AE7639720}.Release|Any CPU.ActiveCfg = Release|Any CPU
		{5887C232-66CF-4B22-8C93-786AE7639720}.Release|Any CPU.Build.0 = Release|Any CPU
	EndGlobalSection
	GlobalSection(SolutionProperties) = preSolution
		HideSolutionNode = FALSE
	EndGlobalSection
	GlobalSection(ExtensibilityGlobals) = postSolution
		SolutionGuid = {F77267E7-44D0-4869-82FE-DDBA00B5A69D}
	EndGlobalSection
EndGlobal
